
Microsoft Visual Studio Solution File, Format Version 12.00
# Visual Studio Version 16
VisualStudioVersion = 16.0.30114.105
MinimumVisualStudioVersion = 10.0.40219.1
Project("{2150E333-8FDC-42A3-9474-1A3956D46DE8}") = "src", "src", "{7CBF61B4-2F02-4227-AC87-5B974F9BA384}"
EndProject
Project("{FAE04EC0-301F-11D3-BF4B-00C04F79EFBC}") = "JacksonVeroneze.NET.Pagination", "src\JacksonVeroneze.NET.Pagination\JacksonVeroneze.NET.Pagination.csproj", "{71807EEB-8DC2-4605-B512-96A33E9386D2}"
EndProject
Project("{2150E333-8FDC-42A3-9474-1A3956D46DE8}") = "Solution Items", "Solution Items", "{4617355E-6977-4D9A-B60E-7967E0B2F140}"
	ProjectSection(SolutionItems) = preProject
		.editorconfig = .editorconfig
		.gitignore = .gitignore
		global.json = global.json
		LICENSE = LICENSE
		Directory.Build.props = Directory.Build.props
	EndProjectSection
EndProject
Project("{2150E333-8FDC-42A3-9474-1A3956D46DE8}") = "tests", "tests", "{ADD83F01-F068-49AC-A640-041F05741739}"
EndProject
Project("{FAE04EC0-301F-11D3-BF4B-00C04F79EFBC}") = "JacksonVeroneze.NET.Pagination.UnitTests", "tests\JacksonVeroneze.NET.Pagination.UnitTests\JacksonVeroneze.NET.Pagination.UnitTests.csproj", "{542A8FC5-1133-440C-B7E1-B078502D6563}"
EndProject
Project("{FAE04EC0-301F-11D3-BF4B-00C04F79EFBC}") = "JacksonVeroneze.NET.Pagination.Util", "tests\JacksonVeroneze.NET.Pagination.Util\JacksonVeroneze.NET.Pagination.Util.csproj", "{A102A3C0-9D99-43D6-A449-92791CDA31D8}"
EndProject
Project("{2150E333-8FDC-42A3-9474-1A3956D46DE8}") = "github", "github", "{80D20CE3-ADD2-476A-8545-CB0269C0FAB4}"
	ProjectSection(SolutionItems) = preProject
		.github\workflows\run-commit-linter.yml = .github\workflows\run-commit-linter.yml
		.github\workflows\run-create-package.yml = .github\workflows\run-create-package.yml
		.github\workflows\run-pr-assign.yml = .github\workflows\run-pr-assign.yml
		.github\workflows\run-unit-tests.yml = .github\workflows\run-unit-tests.yml
	EndProjectSection
EndProject
Global
	GlobalSection(SolutionConfigurationPlatforms) = preSolution
		Debug|Any CPU = Debug|Any CPU
		Release|Any CPU = Release|Any CPU
	EndGlobalSection
	GlobalSection(SolutionProperties) = preSolution
		HideSolutionNode = FALSE
	EndGlobalSection
	GlobalSection(ProjectConfigurationPlatforms) = postSolution
		{71807EEB-8DC2-4605-B512-96A33E9386D2}.Debug|Any CPU.ActiveCfg = Debug|Any CPU
		{71807EEB-8DC2-4605-B512-96A33E9386D2}.Debug|Any CPU.Build.0 = Debug|Any CPU
		{71807EEB-8DC2-4605-B512-96A33E9386D2}.Release|Any CPU.ActiveCfg = Release|Any CPU
		{71807EEB-8DC2-4605-B512-96A33E9386D2}.Release|Any CPU.Build.0 = Release|Any CPU
		{542A8FC5-1133-440C-B7E1-B078502D6563}.Debug|Any CPU.ActiveCfg = Debug|Any CPU
		{542A8FC5-1133-440C-B7E1-B078502D6563}.Debug|Any CPU.Build.0 = Debug|Any CPU
		{542A8FC5-1133-440C-B7E1-B078502D6563}.Release|Any CPU.ActiveCfg = Release|Any CPU
		{542A8FC5-1133-440C-B7E1-B078502D6563}.Release|Any CPU.Build.0 = Release|Any CPU
		{A102A3C0-9D99-43D6-A449-92791CDA31D8}.Debug|Any CPU.ActiveCfg = Debug|Any CPU
		{A102A3C0-9D99-43D6-A449-92791CDA31D8}.Debug|Any CPU.Build.0 = Debug|Any CPU
		{A102A3C0-9D99-43D6-A449-92791CDA31D8}.Release|Any CPU.ActiveCfg = Release|Any CPU
		{A102A3C0-9D99-43D6-A449-92791CDA31D8}.Release|Any CPU.Build.0 = Release|Any CPU
	EndGlobalSection
	GlobalSection(NestedProjects) = preSolution
		{71807EEB-8DC2-4605-B512-96A33E9386D2} = {7CBF61B4-2F02-4227-AC87-5B974F9BA384}
		{542A8FC5-1133-440C-B7E1-B078502D6563} = {ADD83F01-F068-49AC-A640-041F05741739}
		{A102A3C0-9D99-43D6-A449-92791CDA31D8} = {ADD83F01-F068-49AC-A640-041F05741739}
		{80D20CE3-ADD2-476A-8545-CB0269C0FAB4} = {4617355E-6977-4D9A-B60E-7967E0B2F140}
	EndGlobalSection
EndGlobal
